
Microsoft Visual Studio Solution File, Format Version 12.00
# Visual Studio Version 17
VisualStudioVersion = 17.7.34031.279
MinimumVisualStudioVersion = 10.0.40219.1
Project("{FAE04EC0-301F-11D3-BF4B-00C04F79EFBC}") = "TextFileReader", "TextFileReader\TextFileReader.csproj", "{C6072C5A-2A8E-46D7-AF32-0B0F37E78F8B}"
EndProject
Global
	GlobalSection(SolutionConfigurationPlatforms) = preSolution
		Debug|Any CPU = Debug|Any CPU
		Release|Any CPU = Release|Any CPU
	EndGlobalSection
	GlobalSection(ProjectConfigurationPlatforms) = postSolution
		{C6072C5A-2A8E-46D7-AF32-0B0F37E78F8B}.Debug|Any CPU.ActiveCfg = Debug|Any CPU
		{C6072C5A-2A8E-46D7-AF32-0B0F37E78F8B}.Debug|Any CPU.Build.0 = Debug|Any CPU
		{C6072C5A-2A8E-46D7-AF32-0B0F37E78F8B}.Release|Any CPU.ActiveCfg = Release|Any CPU
		{C6072C5A-2A8E-46D7-AF32-0B0F37E78F8B}.Release|Any CPU.Build.0 = Release|Any CPU
	EndGlobalSection
	GlobalSection(SolutionProperties) = preSolution
		HideSolutionNode = FALSE
	EndGlobalSection
	GlobalSection(ExtensibilityGlobals) = postSolution
		SolutionGuid = {E3D13DE1-BE5E-4613-949A-3350B1D58D5B}
	EndGlobalSection
EndGlobal
